
Microsoft Visual Studio Solution File, Format Version 12.00
# Visual Studio Version 16
VisualStudioVersion = 16.0.29215.179
MinimumVisualStudioVersion = 10.0.40219.1
Project("{FAE04EC0-301F-11D3-BF4B-00C04F79EFBC}") = "WindowsFormsCSCS", "WindowsFormsCSCS.csproj", "{BDAE2A04-D7A6-4D0F-B5F2-5A6E87B572F8}"
EndProject
Global
	GlobalSection(SolutionConfigurationPlatforms) = preSolution
		Debug|Any CPU = Debug|Any CPU
		Release|Any CPU = Release|Any CPU
	EndGlobalSection
	GlobalSection(ProjectConfigurationPlatforms) = postSolution
		{BDAE2A04-D7A6-4D0F-B5F2-5A6E87B572F8}.Debug|Any CPU.ActiveCfg = Debug|Any CPU
		{BDAE2A04-D7A6-4D0F-B5F2-5A6E87B572F8}.Debug|Any CPU.Build.0 = Debug|Any CPU
		{BDAE2A04-D7A6-4D0F-B5F2-5A6E87B572F8}.Release|Any CPU.ActiveCfg = Release|Any CPU
		{BDAE2A04-D7A6-4D0F-B5F2-5A6E87B572F8}.Release|Any CPU.Build.0 = Release|Any CPU
	EndGlobalSection
	GlobalSection(SolutionProperties) = preSolution
		HideSolutionNode = FALSE
	EndGlobalSection
	GlobalSection(ExtensibilityGlobals) = postSolution
		SolutionGuid = {0F62641B-E756-4AEF-8F4D-63E26708CA93}
	EndGlobalSection
EndGlobal
